version = 1
revision = 3
requires-python = ">=3.12"

[[package]]
name = "multi-lang-demo"
version = "0.1.0"
source = { virtual = "." }
dependencies = [
    { name = "temporalio" },
]

[package.metadata]
requires-dist = [{ name = "temporalio", specifier = ">=1.18.2" }]

[[package]]
name = "nexus-rpc"
version = "1.1.0"
source = { registry = "https://pypi.org/simple" }
dependencies = [
    { name = "typing-extensions" },
]
sdist = { url = "https://files.pythonhosted.org/packages/ef/66/540687556bd28cf1ec370cc6881456203dfddb9dab047b8979c6865b5984/nexus_rpc-1.1.0.tar.gz", hash = "sha256:d65ad6a2f54f14e53ebe39ee30555eaeb894102437125733fb13034a04a44553", size = 77383, upload-time = "2025-07-07T19:03:58.368Z" }
wheels = [
    { url = "https://files.pythonhosted.org/packages/bf/2f/9e9d0dcaa4c6ffa22b7aa31069a8a264c753ff8027b36af602cce038c92f/nexus_rpc-1.1.0-py3-none-any.whl", hash = "sha256:d1b007af2aba186a27e736f8eaae39c03aed05b488084ff6c3d1785c9ba2ad38", size = 27743, upload-time = "2025-07-07T19:03:57.556Z" },
]

[[package]]
name = "protobuf"
version = "6.33.0"
source = { registry = "https://pypi.org/simple" }
sdist = { url = "https://files.pythonhosted.org/packages/19/ff/64a6c8f420818bb873713988ca5492cba3a7946be57e027ac63495157d97/protobuf-6.33.0.tar.gz", hash = "sha256:140303d5c8d2037730c548f8c7b93b20bb1dc301be280c378b82b8894589c954", size = 443463, upload-time = "2025-10-15T20:39:52.159Z" }
wheels = [
    { url = "https://files.pythonhosted.org/packages/7e/ee/52b3fa8feb6db4a833dfea4943e175ce645144532e8a90f72571ad85df4e/protobuf-6.33.0-cp310-abi3-win32.whl", hash = "sha256:d6101ded078042a8f17959eccd9236fb7a9ca20d3b0098bbcb91533a5680d035", size = 425593, upload-time = "2025-10-15T20:39:40.29Z" },
    { url = "https://files.pythonhosted.org/packages/7b/c6/7a465f1825872c55e0341ff4a80198743f73b69ce5d43ab18043699d1d81/protobuf-6.33.0-cp310-abi3-win_amd64.whl", hash = "sha256:9a031d10f703f03768f2743a1c403af050b6ae1f3480e9c140f39c45f81b13ee", size = 436882, upload-time = "2025-10-15T20:39:42.841Z" },
    { url = "https://files.pythonhosted.org/packages/e1/a9/b6eee662a6951b9c3640e8e452ab3e09f117d99fc10baa32d1581a0d4099/protobuf-6.33.0-cp39-abi3-macosx_10_9_universal2.whl", hash = "sha256:905b07a65f1a4b72412314082c7dbfae91a9e8b68a0cc1577515f8df58ecf455", size = 427521, upload-time = "2025-10-15T20:39:43.803Z" },
    { url = "https://files.pythonhosted.org/packages/10/35/16d31e0f92c6d2f0e77c2a3ba93185130ea13053dd16200a57434c882f2b/protobuf-6.33.0-cp39-abi3-manylinux2014_aarch64.whl", hash = "sha256:e0697ece353e6239b90ee43a9231318302ad8353c70e6e45499fa52396debf90", size = 324445, upload-time = "2025-10-15T20:39:44.932Z" },
    { url = "https://files.pythonhosted.org/packages/e6/eb/2a981a13e35cda8b75b5585aaffae2eb904f8f351bdd3870769692acbd8a/protobuf-6.33.0-cp39-abi3-manylinux2014_s390x.whl", hash = "sha256:e0a1715e4f27355afd9570f3ea369735afc853a6c3951a6afe1f80d8569ad298", size = 339159, upload-time = "2025-10-15T20:39:46.186Z" },
    { url = "https://files.pythonhosted.org/packages/21/51/0b1cbad62074439b867b4e04cc09b93f6699d78fd191bed2bbb44562e077/protobuf-6.33.0-cp39-abi3-manylinux2014_x86_64.whl", hash = "sha256:35be49fd3f4fefa4e6e2aacc35e8b837d6703c37a2168a55ac21e9b1bc7559ef", size = 323172, upload-time = "2025-10-15T20:39:47.465Z" },
    { url = "https://files.pythonhosted.org/packages/07/d1/0a28c21707807c6aacd5dc9c3704b2aa1effbf37adebd8caeaf68b17a636/protobuf-6.33.0-py3-none-any.whl", hash = "sha256:25c9e1963c6734448ea2d308cfa610e692b801304ba0908d7bfa564ac5132995", size = 170477, upload-time = "2025-10-15T20:39:51.311Z" },
]

[[package]]
name = "temporalio"
version = "1.18.2"
source = { registry = "https://pypi.org/simple" }
dependencies = [
    { name = "nexus-rpc" },
    { name = "protobuf" },
    { name = "types-protobuf" },
    { name = "typing-extensions" },
]
sdist = { url = "https://files.pythonhosted.org/packages/61/ab/f866e19e02d46792ebd08e3e975f30ec86f985f1cd0cee4d5bc632d538e6/temporalio-1.18.2.tar.gz", hash = "sha256:b6ecb43562988ac698eef155d9c2527fa6c53a2ae564cb4787421499a0269599", size = 1788530, upload-time = "2025-10-27T19:24:50.624Z" }
wheels = [
    { url = "https://files.pythonhosted.org/packages/35/7e/2fc0d8cf18644fba2e4e5d0ba66206bf2e6f22ad04e9da8f038261351ff6/temporalio-1.18.2-cp39-abi3-macosx_10_12_x86_64.whl", hash = "sha256:b97f046b23a492b0a3956dffce3664ed44ca1f3577df6aa4b8023ec988f5d093", size = 12808656, upload-time = "2025-10-27T19:24:26.884Z" },
    { url = "https://files.pythonhosted.org/packages/f9/2f/8ee0836e31f60a03582358ff64210f6f0c91001f34e4fc85da892e5c3087/temporalio-1.18.2-cp39-abi3-macosx_11_0_arm64.whl", hash = "sha256:dac1203ebabae3268bc0b43b8c841e6f9102893c616488a278bc5d06043b76e5", size = 12393520, upload-time = "2025-10-27T19:24:32.048Z" },
    { url = "https://files.pythonhosted.org/packages/fc/39/53d9add2e8c1d4066ea0c288476cdc944453ea309e36e7b24d4a1c43db79/temporalio-1.18.2-cp39-abi3-manylinux_2_17_aarch64.manylinux2014_aarch64.whl", hash = "sha256:f45b124099dbbe32a76a4df0d851db2ad94e6725f778fd74fccc8d33ee4868e9", size = 12733544, upload-time = "2025-10-27T19:24:36.871Z" },
    { url = "https://files.pythonhosted.org/packages/22/b2/5558978e9002fd1e71a1a459ddcc8fdd1fc1f4f595fd578eb7568be266a6/temporalio-1.18.2-cp39-abi3-manylinux_2_17_x86_64.manylinux2014_x86_64.whl", hash = "sha256:d427a398f6f402920e9f78d571b7d7a72876244d5affeaeaec8843c34013e84e", size = 12926857, upload-time = "2025-10-27T19:24:43.443Z" },
    { url = "https://files.pythonhosted.org/packages/5d/a2/ea81149ae7faa154aa842e9dd88390df3158a687db694e06d08716c030b6/temporalio-1.18.2-cp39-abi3-win_amd64.whl", hash = "sha256:7e1f3da98cf23af7094467f1c1180374a10c38aa712cd7e868e15412dd2c6cde", size = 13059111, upload-time = "2025-10-27T19:24:48.382Z" },
]

[[package]]
name = "types-protobuf"
version = "6.32.1.20251105"
source = { registry = "https://pypi.org/simple" }
sdist = { url = "https://files.pythonhosted.org/packages/f3/ab/0dce6a9841b5ebf3e37401879bb8cc20724ad9c770a7649bee997696cc75/types_protobuf-6.32.1.20251105.tar.gz", hash = "sha256:641002611ff87dd9fedc38a39a29cacb9907ae5ce61489b53e99ca2074bef764", size = 63846, upload-time = "2025-11-05T03:04:43.456Z" }
wheels = [
    { url = "https://files.pythonhosted.org/packages/ed/57/3a0d89b33b7485b7ffd99ec7cf53b0c5c89194c481f0bd673fd67e5f273f/types_protobuf-6.32.1.20251105-py3-none-any.whl", hash = "sha256:a15109d38f7cfefd2539ef86d3f93a6a41c7cad53924f8aa1a51eaddbb72a660", size = 77890, upload-time = "2025-11-05T03:04:42.067Z" },
]

[[package]]
name = "typing-extensions"
version = "4.15.0"
source = { registry = "https://pypi.org/simple" }
sdist = { url = "https://files.pythonhosted.org/packages/72/94/1a15dd82efb362ac84269196e94cf00f187f7ed21c242792a923cdb1c61f/typing_extensions-4.15.0.tar.gz", hash = "sha256:0cea48d173cc12fa28ecabc3b837ea3cf6f38c6d1136f85cbaaf598984861466", size = 109391, upload-time = "2025-08-25T13:49:26.313Z" }
wheels = [
    { url = "https://files.pythonhosted.org/packages/18/67/36e9267722cc04a6b9f15c7f3441c2363321a3ea07da7ae0c0707beb2a9c/typing_extensions-4.15.0-py3-none-any.whl", hash = "sha256:f0fa19c6845758ab08074a0cfa8b7aecb71c999ca73d62883bc25cc018c4e548", size = 44614, upload-time = "2025-08-25T13:49:24.86Z" },
]
