{
  "lockfileVersion": 1,
  "configVersion": 0,
  "workspaces": {
    "": {
      "name": "elysia-static",
      "dependencies": {
        "@elysiajs/eden": "^1.4.5",
        "@elysiajs/openapi": "^1.4.11",
        "@elysiajs/static": "1.4.7",
        "@tanstack/react-query": "^5.90.10",
        "clsx": "^2.1.1",
        "elysia": "^1.4.16",
        "react": "^19.2.0",
        "react-dom": "^19.2.0",
        "tailwindcss": "^4.1.17",
      },
      "devDependencies": {
        "@types/react": "^19.2.5",
        "@types/react-dom": "^19.2.3",
        "bun-plugin-tailwind": "^0.1.2",
        "bun-types": "latest",
      },
    },
  },
  "packages": {
    "@borewit/text-codec": ["@borewit/text-codec@0.1.1", "", {}, "sha512-5L/uBxmjaCIX5h8Z+uu+kA9BQLkc/Wl06UGR5ajNRxu+/XjonB5i8JpgFMrPj3LXTCPA0pv8yxUvbUi+QthGGA=="],

    "@elysiajs/eden": ["@elysiajs/eden@1.4.5", "", { "peerDependencies": { "elysia": ">= 1.4.0" } }, "sha512-hIOeH+S5NU/84A7+t8yB1JjxqjmzRkBF9fnLn6y+AH8EcF39KumOAnciMhIOkhhThVZvXZ3d+GsizRc+Fxoi8g=="],

    "@elysiajs/openapi": ["@elysiajs/openapi@1.4.11", "", { "peerDependencies": { "elysia": ">= 1.4.0" } }, "sha512-d75bMxYJpN6qSDi/z9L1S7SLk1S/8Px+cTb3W2lrYzU8uQ5E0kXdy1oOMJEfTyVsz3OA19NP9KNxE7ztSbLBLg=="],

    "@elysiajs/static": ["@elysiajs/static@1.4.7", "", { "peerDependencies": { "elysia": ">= 1.4.0" } }, "sha512-Go4kIXZ0G3iWfkAld07HmLglqIDMVXdyRKBQK/sVEjtpDdjHNb+rUIje73aDTWpZYg4PEVHUpi9v4AlNEwrQug=="],

    "@oven/bun-darwin-aarch64": ["@oven/bun-darwin-aarch64@1.3.0", "", { "os": "darwin", "cpu": "arm64" }, "sha512-WeXSaL29ylJEZMYHHW28QZ6rgAbxQ1KuNSZD9gvd3fPlo0s6s2PglvPArjjP07nmvIK9m4OffN0k4M98O7WmAg=="],

    "@oven/bun-darwin-x64": ["@oven/bun-darwin-x64@1.3.0", "", { "os": "darwin", "cpu": "x64" }, "sha512-CFKjoUWQH0Oz3UHYfKbdKLq0wGryrFsTJEYq839qAwHQSECvVZYAnxVVDYUDa0yQFonhO2qSHY41f6HK+b7xtw=="],

    "@oven/bun-darwin-x64-baseline": ["@oven/bun-darwin-x64-baseline@1.3.0", "", { "os": "darwin", "cpu": "x64" }, "sha512-+FSr/ub5vA/EkD3fMhHJUzYioSf/sXd50OGxNDAntVxcDu4tXL/81Ka3R/gkZmjznpLFIzovU/1Ts+b7dlkrfw=="],

    "@oven/bun-linux-aarch64": ["@oven/bun-linux-aarch64@1.3.0", "", { "os": "linux", "cpu": "arm64" }, "sha512-WHthS/eLkCNcp9pk4W8aubRl9fIUgt2XhHyLrP0GClB1FVvmodu/zIOtG0NXNpzlzB8+gglOkGo4dPjfVf4Z+g=="],

    "@oven/bun-linux-aarch64-musl": ["@oven/bun-linux-aarch64-musl@1.3.0", "", { "os": "linux", "cpu": "arm64" }, "sha512-HT5sr7N8NDYbQRjAnT7ISpx64y+ewZZRQozOJb0+KQObKvg4UUNXGm4Pn1xA4/WPMZDDazjO8E2vtOQw1nJlAQ=="],

    "@oven/bun-linux-x64": ["@oven/bun-linux-x64@1.3.0", "", { "os": "linux", "cpu": "x64" }, "sha512-sGEWoJQXO4GDr0x4t/yJQ/Bq1yNkOdX9tHbZZ+DBGJt3z3r7jeb4Digv8xQUk6gdTFC9vnGHuin+KW3/yD1Aww=="],

    "@oven/bun-linux-x64-baseline": ["@oven/bun-linux-x64-baseline@1.3.0", "", { "os": "linux", "cpu": "x64" }, "sha512-OmlEH3nlxQyv7HOvTH21vyNAZGv9DIPnrTznzvKiOQxkOphhCyKvPTlF13ydw4s/i18iwaUrhHy+YG9HSSxa4Q=="],

    "@oven/bun-linux-x64-musl": ["@oven/bun-linux-x64-musl@1.3.0", "", { "os": "linux", "cpu": "x64" }, "sha512-rtzUEzCynl3Rhgn/iR9DQezSFiZMcAXAbU+xfROqsweMGKwvwIA2ckyyckO08psEP8XcUZTs3LT9CH7PnaMiEA=="],

    "@oven/bun-linux-x64-musl-baseline": ["@oven/bun-linux-x64-musl-baseline@1.3.0", "", { "os": "linux", "cpu": "x64" }, "sha512-hrr7mDvUjMX1tuJaXz448tMsgKIqGJBY8+rJqztKOw1U5+a/v2w5HuIIW1ce7ut0ZwEn+KIDvAujlPvpH33vpQ=="],

    "@oven/bun-windows-x64": ["@oven/bun-windows-x64@1.3.0", "", { "os": "win32", "cpu": "x64" }, "sha512-xXwtpZVVP7T+vkxcF/TUVVOGRjEfkByO4mKveKYb4xnHWV4u4NnV0oNmzyMKkvmj10to5j2h0oZxA4ZVVv4gfA=="],

    "@oven/bun-windows-x64-baseline": ["@oven/bun-windows-x64-baseline@1.3.0", "", { "os": "win32", "cpu": "x64" }, "sha512-/jVZ8eYjpYHLDFNoT86cP+AjuWvpkzFY+0R0a1bdeu0sQ6ILuy1FV6hz1hUAP390E09VCo5oP76fnx29giHTtA=="],

    "@sinclair/typebox": ["@sinclair/typebox@0.34.41", "", {}, "sha512-6gS8pZzSXdyRHTIqoqSVknxolr1kzfy4/CeDnrzsVz8TTIWUbOBr6gnzOmTYJ3eXQNh4IYHIGi5aIL7sOZ2G/g=="],

    "@tanstack/query-core": ["@tanstack/query-core@5.90.10", "", {}, "sha512-EhZVFu9rl7GfRNuJLJ3Y7wtbTnENsvzp+YpcAV7kCYiXni1v8qZh++lpw4ch4rrwC0u/EZRnBHIehzCGzwXDSQ=="],

    "@tanstack/react-query": ["@tanstack/react-query@5.90.10", "", { "dependencies": { "@tanstack/query-core": "5.90.10" }, "peerDependencies": { "react": "^18 || ^19" } }, "sha512-BKLss9Y8PQ9IUjPYQiv3/Zmlx92uxffUOX8ZZNoQlCIZBJPT5M+GOMQj7xislvVQ6l1BstBjcX0XB/aHfFYVNw=="],

    "@tokenizer/inflate": ["@tokenizer/inflate@0.2.7", "", { "dependencies": { "debug": "^4.4.0", "fflate": "^0.8.2", "token-types": "^6.0.0" } }, "sha512-MADQgmZT1eKjp06jpI2yozxaU9uVs4GzzgSL+uEq7bVcJ9V1ZXQkeGNql1fsSI0gMy1vhvNTNbUqrx+pZfJVmg=="],

    "@tokenizer/token": ["@tokenizer/token@0.3.0", "", {}, "sha512-OvjF+z51L3ov0OyAU0duzsYuvO01PH7x4t6DJx+guahgTnBHkhJdG7soQeTSFLWN3efnHyibZ4Z8l2EuWwJN3A=="],

    "@types/node": ["@types/node@24.7.2", "", { "dependencies": { "undici-types": "~7.14.0" } }, "sha512-/NbVmcGTP+lj5oa4yiYxxeBjRivKQ5Ns1eSZeB99ExsEQ6rX5XYU1Zy/gGxY/ilqtD4Etx9mKyrPxZRetiahhA=="],

    "@types/react": ["@types/react@19.2.5", "", { "dependencies": { "csstype": "^3.0.2" } }, "sha512-keKxkZMqnDicuvFoJbzrhbtdLSPhj/rZThDlKWCDbgXmUg0rEUFtRssDXKYmtXluZlIqiC5VqkCgRwzuyLHKHw=="],

    "@types/react-dom": ["@types/react-dom@19.2.3", "", { "peerDependencies": { "@types/react": "^19.2.0" } }, "sha512-jp2L/eY6fn+KgVVQAOqYItbF0VY/YApe5Mz2F0aykSO8gx31bYCZyvSeYxCHKvzHG5eZjc+zyaS5BrBWya2+kQ=="],

    "bun": ["bun@1.3.0", "", { "optionalDependencies": { "@oven/bun-darwin-aarch64": "1.3.0", "@oven/bun-darwin-x64": "1.3.0", "@oven/bun-darwin-x64-baseline": "1.3.0", "@oven/bun-linux-aarch64": "1.3.0", "@oven/bun-linux-aarch64-musl": "1.3.0", "@oven/bun-linux-x64": "1.3.0", "@oven/bun-linux-x64-baseline": "1.3.0", "@oven/bun-linux-x64-musl": "1.3.0", "@oven/bun-linux-x64-musl-baseline": "1.3.0", "@oven/bun-windows-x64": "1.3.0", "@oven/bun-windows-x64-baseline": "1.3.0" }, "os": [ "linux", "win32", "darwin", ], "cpu": [ "x64", "arm64", ], "bin": { "bun": "bin/bun.exe", "bunx": "bin/bunx.exe" } }, "sha512-YI7mFs7iWc/VsGsh2aw6eAPD2cjzn1j+LKdYVk09x1CrdTWKYIHyd+dG5iQoN9//3hCDoZj8U6vKpZzEf5UARA=="],

    "bun-plugin-tailwind": ["bun-plugin-tailwind@0.1.2", "", { "peerDependencies": { "bun": ">=1.0.0" } }, "sha512-41jNC1tZRSK3s1o7pTNrLuQG8kL/0vR/JgiTmZAJ1eHwe0w5j6HFPKeqEk0WAD13jfrUC7+ULuewFBBCoADPpg=="],

    "bun-types": ["bun-types@1.3.2", "", { "dependencies": { "@types/node": "*" }, "peerDependencies": { "@types/react": "^19" } }, "sha512-i/Gln4tbzKNuxP70OWhJRZz1MRfvqExowP7U6JKoI8cntFrtxg7RJK3jvz7wQW54UuvNC8tbKHHri5fy74FVqg=="],

    "clsx": ["clsx@2.1.1", "", {}, "sha512-eYm0QWBtUrBWZWG0d386OGAw16Z995PiOVo2B7bjWSbHedGl5e0ZWaq65kOGgUSNesEIDkB9ISbTg/JK9dhCZA=="],

    "cookie": ["cookie@1.0.2", "", {}, "sha512-9Kr/j4O16ISv8zBBhJoi4bXOYNTkFLOqSL3UDB0njXxCXNezjeyVrJyGOWtgfs/q2km1gwBcfH8q1yEGoMYunA=="],

    "csstype": ["csstype@3.1.3", "", {}, "sha512-M1uQkMl8rQK/szD0LNhtqxIPLpimGm8sOBwU7lLnCpSbTyY3yeU1Vc7l4KT5zT4s/yOxHH5O7tIuuLOCnLADRw=="],

    "debug": ["debug@4.4.3", "", { "dependencies": { "ms": "^2.1.3" } }, "sha512-RGwwWnwQvkVfavKVt22FGLw+xYSdzARwm0ru6DhTVA3umU5hZc28V3kO4stgYryrTlLpuvgI9GiijltAjNbcqA=="],

    "elysia": ["elysia@1.4.16", "", { "dependencies": { "cookie": "^1.0.2", "exact-mirror": "0.2.3", "fast-decode-uri-component": "^1.0.1", "memoirist": "^0.4.0" }, "peerDependencies": { "@sinclair/typebox": ">= 0.34.0 < 1", "@types/bun": ">= 1.2.0", "file-type": ">= 20.0.0", "openapi-types": ">= 12.0.0", "typescript": ">= 5.0.0" }, "optionalPeers": ["@types/bun", "typescript"] }, "sha512-KZtKN160/bdWVKg2hEgyoNXY8jRRquc+m6PboyisaLZL891I+Ufb7Ja6lDAD7vMQur8sLEWIcidZOzj5lWw9UA=="],

    "exact-mirror": ["exact-mirror@0.2.3", "", { "peerDependencies": { "@sinclair/typebox": "^0.34.15" }, "optionalPeers": ["@sinclair/typebox"] }, "sha512-aLdARfO0W0ntufjDyytUJQMbNXoB9g+BbA8KcgIq4XOOTYRw48yUGON/Pr64iDrYNZKcKvKbqE0MPW56FF2BXA=="],

    "fast-decode-uri-component": ["fast-decode-uri-component@1.0.1", "", {}, "sha512-WKgKWg5eUxvRZGwW8FvfbaH7AXSh2cL+3j5fMGzUMCxWBJ3dV3a7Wz8y2f/uQ0e3B6WmodD3oS54jTQ9HVTIIg=="],

    "fflate": ["fflate@0.8.2", "", {}, "sha512-cPJU47OaAoCbg0pBvzsgpTPhmhqI5eJjh/JIu8tPj5q+T7iLvW/JAYUqmE7KOB4R1ZyEhzBaIQpQpardBF5z8A=="],

    "file-type": ["file-type@21.0.0", "", { "dependencies": { "@tokenizer/inflate": "^0.2.7", "strtok3": "^10.2.2", "token-types": "^6.0.0", "uint8array-extras": "^1.4.0" } }, "sha512-ek5xNX2YBYlXhiUXui3D/BXa3LdqPmoLJ7rqEx2bKJ7EAUEfmXgW0Das7Dc6Nr9MvqaOnIqiPV0mZk/r/UpNAg=="],

    "ieee754": ["ieee754@1.2.1", "", {}, "sha512-dcyqhDvX1C46lXZcVqCpK+FtMRQVdIMN6/Df5js2zouUsqG7I6sFxitIC+7KYK29KdXOLHdu9zL4sFnoVQnqaA=="],

    "memoirist": ["memoirist@0.4.0", "", {}, "sha512-zxTgA0mSYELa66DimuNQDvyLq36AwDlTuVRbnQtB+VuTcKWm5Qc4z3WkSpgsFWHNhexqkIooqpv4hdcqrX5Nmg=="],

    "ms": ["ms@2.1.3", "", {}, "sha512-6FlzubTLZG3J2a/NVCAleEhjzq5oxgHyaCU9yYXvcLsvoVaHJq/s5xXI6/XXP6tz7R9xAOtHnSO/tXtF3WRTlA=="],

    "openapi-types": ["openapi-types@12.1.3", "", {}, "sha512-N4YtSYJqghVu4iek2ZUvcN/0aqH1kRDuNqzcycDxhOUpg7GdvLa2F3DgS6yBNhInhv2r/6I0Flkn7CqL8+nIcw=="],

    "react": ["react@19.2.0", "", {}, "sha512-tmbWg6W31tQLeB5cdIBOicJDJRR2KzXsV7uSK9iNfLWQ5bIZfxuPEHp7M8wiHyHnn0DD1i7w3Zmin0FtkrwoCQ=="],

    "react-dom": ["react-dom@19.2.0", "", { "dependencies": { "scheduler": "^0.27.0" }, "peerDependencies": { "react": "^19.2.0" } }, "sha512-UlbRu4cAiGaIewkPyiRGJk0imDN2T3JjieT6spoL2UeSf5od4n5LB/mQ4ejmxhCFT1tYe8IvaFulzynWovsEFQ=="],

    "scheduler": ["scheduler@0.27.0", "", {}, "sha512-eNv+WrVbKu1f3vbYJT/xtiF5syA5HPIMtf9IgY/nKg0sWqzAUEvqY/xm7OcZc/qafLx/iO9FgOmeSAp4v5ti/Q=="],

    "strtok3": ["strtok3@10.3.4", "", { "dependencies": { "@tokenizer/token": "^0.3.0" } }, "sha512-KIy5nylvC5le1OdaaoCJ07L+8iQzJHGH6pWDuzS+d07Cu7n1MZ2x26P8ZKIWfbK02+XIL8Mp4RkWeqdUCrDMfg=="],

    "tailwindcss": ["tailwindcss@4.1.17", "", {}, "sha512-j9Ee2YjuQqYT9bbRTfTZht9W/ytp5H+jJpZKiYdP/bpnXARAuELt9ofP0lPnmHjbga7SNQIxdTAXCmtKVYjN+Q=="],

    "token-types": ["token-types@6.1.1", "", { "dependencies": { "@borewit/text-codec": "^0.1.0", "@tokenizer/token": "^0.3.0", "ieee754": "^1.2.1" } }, "sha512-kh9LVIWH5CnL63Ipf0jhlBIy0UsrMj/NJDfpsy1SqOXlLKEVyXXYrnFxFT1yOOYVGBSApeVnjPw/sBz5BfEjAQ=="],

    "uint8array-extras": ["uint8array-extras@1.5.0", "", {}, "sha512-rvKSBiC5zqCCiDZ9kAOszZcDvdAHwwIKJG33Ykj43OKcWsnmcBRL09YTU4nOeHZ8Y2a7l1MgTd08SBe9A8Qj6A=="],

    "undici-types": ["undici-types@7.14.0", "", {}, "sha512-QQiYxHuyZ9gQUIrmPo3IA+hUl4KYk8uSA7cHrcKd/l3p1OTpZcM0Tbp9x7FAtXdAYhlasd60ncPpgu6ihG6TOA=="],
  }
}
